
Microsoft Visual Studio Solution File, Format Version 12.00
Project("{FAE04EC0-301F-11D3-BF4B-00C04F79EFBC}") = "Fuhrpark", "Fuhrpark\Fuhrpark.csproj", "{966E9D95-B53E-4ACC-952F-BAC06D7B3156}"
EndProject
Global
	GlobalSection(SolutionConfigurationPlatforms) = preSolution
		Debug|Any CPU = Debug|Any CPU
		Release|Any CPU = Release|Any CPU
	EndGlobalSection
	GlobalSection(ProjectConfigurationPlatforms) = postSolution
		{966E9D95-B53E-4ACC-952F-BAC06D7B3156}.Debug|Any CPU.ActiveCfg = Debug|Any CPU
		{966E9D95-B53E-4ACC-952F-BAC06D7B3156}.Debug|Any CPU.Build.0 = Debug|Any CPU
		{966E9D95-B53E-4ACC-952F-BAC06D7B3156}.Release|Any CPU.ActiveCfg = Release|Any CPU
		{966E9D95-B53E-4ACC-952F-BAC06D7B3156}.Release|Any CPU.Build.0 = Release|Any CPU
	EndGlobalSection
EndGlobal
